{
  "version": "3",
  "packages": {
    "specifiers": {
      "jsr:@db/sqlite@0.11": "jsr:@db/sqlite@0.11.1",
      "jsr:@denosaurs/plug@1": "jsr:@denosaurs/plug@1.0.6",
      "jsr:@std/assert@^0.217.0": "jsr:@std/assert@0.217.0",
      "jsr:@std/assert@^0.221.0": "jsr:@std/assert@0.221.0",
      "jsr:@std/encoding@^0.221.0": "jsr:@std/encoding@0.221.0",
      "jsr:@std/fmt@^0.221.0": "jsr:@std/fmt@0.221.0",
      "jsr:@std/fs@^0.221.0": "jsr:@std/fs@0.221.0",
      "jsr:@std/path@0.217": "jsr:@std/path@0.217.0",
      "jsr:@std/path@^0.221.0": "jsr:@std/path@0.221.0"
    },
    "jsr": {
      "@db/sqlite@0.11.1": {
        "integrity": "546434e7ed762db07e6ade0f963540dd5e06723b802937bf260ff855b21ef9c5",
        "dependencies": [
          "jsr:@denosaurs/plug@1",
          "jsr:@std/path@0.217"
        ]
      },
      "@denosaurs/plug@1.0.6": {
        "integrity": "6cf5b9daba7799837b9ffbe89f3450510f588fafef8115ddab1ff0be9cb7c1a7",
        "dependencies": [
          "jsr:@std/encoding@^0.221.0",
          "jsr:@std/fmt@^0.221.0",
          "jsr:@std/fs@^0.221.0",
          "jsr:@std/path@^0.221.0"
        ]
      },
      "@std/assert@0.217.0": {
        "integrity": "c98e279362ca6982d5285c3b89517b757c1e3477ee9f14eb2fdf80a45aaa9642"
      },
      "@std/assert@0.221.0": {
        "integrity": "a5f1aa6e7909dbea271754fd4ab3f4e687aeff4873b4cef9a320af813adb489a"
      },
      "@std/encoding@0.221.0": {
        "integrity": "d1dd76ef0dc5d14088411e6dc1dede53bf8308c95d1537df1214c97137208e45"
      },
      "@std/fmt@0.221.0": {
        "integrity": "379fed69bdd9731110f26b9085aeb740606b20428ce6af31ef6bd45ef8efa62a"
      },
      "@std/fs@0.221.0": {
        "integrity": "028044450299de8ed5a716ade4e6d524399f035513b85913794f4e81f07da286",
        "dependencies": [
          "jsr:@std/assert@^0.221.0",
          "jsr:@std/path@^0.221.0"
        ]
      },
      "@std/path@0.217.0": {
        "integrity": "1217cc25534bca9a2f672d7fe7c6f356e4027df400c0e85c0ef3e4343bc67d11",
        "dependencies": [
          "jsr:@std/assert@^0.217.0"
        ]
      },
      "@std/path@0.221.0": {
        "integrity": "0a36f6b17314ef653a3a1649740cc8db51b25a133ecfe838f20b79a56ebe0095",
        "dependencies": [
          "jsr:@std/assert@^0.221.0"
        ]
      }
    }
  },
  "redirects": {
    "https://deno.land/std/async/mod.ts": "https://deno.land/std@0.208.0/async/mod.ts",
    "https://deno.land/x/sqlite/mod.ts": "https://deno.land/x/sqlite@v3.9.0/mod.ts"
  },
  "remote": {
    "https://cdn.unyt.org/datex-core-js-legacy@0.0.x/VERSION.ts": "6322468cc91022075407fbf74e4799f751c2f9659064e7a5ff0442934223cd41",
    "https://cdn.unyt.org/datex-core-js-legacy@0.0.x/compiler/binary_codes.ts": "e04ac5aea360036675c81127146e92d200fca75ae8f8dc53a3d40ca80f5fa31b",
    "https://cdn.unyt.org/datex-core-js-legacy@0.0.x/compiler/compiler.ts": "c4d3ef7ccf32be9fcb88c2b53981397f2cb6b3800cfad67b8ed3b2c0b35a4c6a",
    "https://cdn.unyt.org/datex-core-js-legacy@0.0.x/compiler/protocol_types.ts": "e4d4dc21ed2d4a67cb251d92f1aff319f0193952f5b963e7d9e625a3983843cc",
    "https://cdn.unyt.org/datex-core-js-legacy@0.0.x/compiler/tokens_regex.ts": "632e87ca07cc0d56cfa8a2a9b77248a296c775f04c6b235060407adbdcc343ee",
    "https://cdn.unyt.org/datex-core-js-legacy@0.0.x/compiler/unit_codes.ts": "0da02d162eed5583c30130eea7d3f013bc09e1c5e274d1b3c41566cb71ef22a1",
    "https://cdn.unyt.org/datex-core-js-legacy@0.0.x/datex_all.ts": "9438e875f40a9700e125dc1dbd4a8061e7b2219d97ecaf3e2f474c9d80a9d5fb",
    "https://cdn.unyt.org/datex-core-js-legacy@0.0.x/datex_short.ts": "3920a5426e6699824c58f25141ad06d316aed792298b80b29526043ee9ce4437",
    "https://cdn.unyt.org/datex-core-js-legacy@0.0.x/functions.ts": "d40628e77907426dc4631261f4f4ca4f9165ac2636e1f2896fcf1cb497d03091",
    "https://cdn.unyt.org/datex-core-js-legacy@0.0.x/init.ts": "1eb26531615dcdefcbcd7aed983bbd0ea39d1390d1e3a20ff05923b57dd011b2",
    "https://cdn.unyt.org/datex-core-js-legacy@0.0.x/js_adapter/js_class_adapter.ts": "b1f6c09f21dc728716197f235071350d4d2d2a45221db1eca4b0a555cf02099a",
    "https://cdn.unyt.org/datex-core-js-legacy@0.0.x/js_adapter/legacy_decorators.ts": "dc2adc54ac722042463e2354e538eb7983d77cca8cf4ff3d11bbce4c3afb962c",
    "https://cdn.unyt.org/datex-core-js-legacy@0.0.x/lib/localforage/drivers/indexeddb.js": "94a6cfe0f3bfbe677bae59127c991405d68c4c54ae4d3dbbdb56072a471ece02",
    "https://cdn.unyt.org/datex-core-js-legacy@0.0.x/lib/localforage/drivers/localstorage.js": "62f07f7063c3ff385f307b0cf84f8daf10e3896b623e720c39ee5daab68863d1",
    "https://cdn.unyt.org/datex-core-js-legacy@0.0.x/lib/localforage/drivers/websql.js": "5c69bdff0af1cbc3103feb76964490817e221091dc3ae573c8f9a94a78437609",
    "https://cdn.unyt.org/datex-core-js-legacy@0.0.x/lib/localforage/localforage.js": "8bde4fb43ce0bfe34b9f7b7362be63a9674628192718af25b7eabfc2ba7da385",
    "https://cdn.unyt.org/datex-core-js-legacy@0.0.x/lib/localforage/utils/createBlob.js": "14dd379f079966554b93c6982f6a57b6334d39d500d14592a90a25f057ffb1a0",
    "https://cdn.unyt.org/datex-core-js-legacy@0.0.x/lib/localforage/utils/executeCallback.js": "385bde0bcbeb7bb0916a18f9fa13e087bef6e8c73322c6cea921a7d2a9faaf76",
    "https://cdn.unyt.org/datex-core-js-legacy@0.0.x/lib/localforage/utils/executeTwoCallbacks.js": "0ab6f19a2645c8af6657c55faba1760de0510706d5f0ad7c433a9a28a8f22b8b",
    "https://cdn.unyt.org/datex-core-js-legacy@0.0.x/lib/localforage/utils/getCallback.js": "7c6d36433132aa416fce88915f004fa4a5520a70bb6c3cc775b1da9373bba25b",
    "https://cdn.unyt.org/datex-core-js-legacy@0.0.x/lib/localforage/utils/idb.js": "1e7f31e75cab1bd86f475db87faa3b469b07b24503d60840a4902b7b4c38f768",
    "https://cdn.unyt.org/datex-core-js-legacy@0.0.x/lib/localforage/utils/includes.js": "6a2598464f6b0ada6d9442b86c6339aa307a155b9be15eaea38c5d343da8c5ce",
    "https://cdn.unyt.org/datex-core-js-legacy@0.0.x/lib/localforage/utils/isArray.js": "33b7af80a36b73e20fb8464e91d4a398477d4ea47a7f8f077dafd99e53d647fb",
    "https://cdn.unyt.org/datex-core-js-legacy@0.0.x/lib/localforage/utils/isIndexedDBValid.js": "758336bc6f5630f74b2c902de4f56f0bed015d71369e0d67bd4fbf480607cd57",
    "https://cdn.unyt.org/datex-core-js-legacy@0.0.x/lib/localforage/utils/isLocalStorageValid.js": "64e1fa95986ff2dc2aa66b6f064ac72bc06cc56fa28d3c3dd0ea18cc5aa0df7c",
    "https://cdn.unyt.org/datex-core-js-legacy@0.0.x/lib/localforage/utils/isWebSQLValid.js": "a2cb2bc344ad4fc3d9bd66e59b03765d15e5695896be5ef43ddf7c00c8005090",
    "https://cdn.unyt.org/datex-core-js-legacy@0.0.x/lib/localforage/utils/normalizeKey.js": "57ed80a6f574511682e1575ebcb8cfe57652bddb36252642372168312d054082",
    "https://cdn.unyt.org/datex-core-js-legacy@0.0.x/lib/localforage/utils/promise.js": "553a6e73bfe59e43390c7f88514574d4284eef5e34ce7cdbf93c3d9c6347c559",
    "https://cdn.unyt.org/datex-core-js-legacy@0.0.x/lib/localforage/utils/serializer.js": "5960c40deb26d81ca4841c9fe829a5305ea09bfd3d9deb6c1d74875934923b03",
    "https://cdn.unyt.org/datex-core-js-legacy@0.0.x/lib/marked.js": "0a1fa6c8bbe5f691c8d5bed2041fdfb9e22494bd3caca2cbc076cb142c19b014",
    "https://cdn.unyt.org/datex-core-js-legacy@0.0.x/mod.ts": "446c7e5f0ab17fb04b93f125d0b619be9de1796e236dd5380c3089655a844d88",
    "https://cdn.unyt.org/datex-core-js-legacy@0.0.x/network/blockchain_adapter.ts": "4916a1988cd191625f69f26ff0aa15f985fd0066f4e5ec7f9705cd1ae59b2fb2",
    "https://cdn.unyt.org/datex-core-js-legacy@0.0.x/network/client.ts": "4d8c73a029cd817831ad22d1baa463d8f1abf78850c8d1122253ceb408583d4b",
    "https://cdn.unyt.org/datex-core-js-legacy@0.0.x/network/datex-http-channel.ts": "9fdd46c55ae56b4e17300a3cf8139961687ba3fff4ad723e982cebd1cd6cc3a8",
    "https://cdn.unyt.org/datex-core-js-legacy@0.0.x/network/network_utils.ts": "39654065b5ddbe2899f8d6e04a92a80a8586a5c6d332d9438c073bbfc780ca5c",
    "https://cdn.unyt.org/datex-core-js-legacy@0.0.x/network/supranet.ts": "d43b78a9b9f50015995fdc344b8193e543906ee549da0230d0a936af37967cb8",
    "https://cdn.unyt.org/datex-core-js-legacy@0.0.x/network/unyt.ts": "339a028ee100cf1be4739e462583e440261e61d0edea93c0930e90694d6da0c0",
    "https://cdn.unyt.org/datex-core-js-legacy@0.0.x/runtime/cache_path.ts": "9ddd39ac5fe6b45e71189a4aad31b928a29552fc01134c4dca618001fe8d8d6e",
    "https://cdn.unyt.org/datex-core-js-legacy@0.0.x/runtime/cli.ts": "a4811ce51a337057420b590d80c943d38c42a5a086198029ae40bfc850b2fbdc",
    "https://cdn.unyt.org/datex-core-js-legacy@0.0.x/runtime/constants.ts": "8a8dfcdf54808789602ef2549e433e2f87536f8d166565808d09bc161ab864c5",
    "https://cdn.unyt.org/datex-core-js-legacy@0.0.x/runtime/crypto.ts": "700cb2c386ac897ade1b55ab289cd539c84fd8cbb8a1a804a1e92772e3e0ed21",
    "https://cdn.unyt.org/datex-core-js-legacy@0.0.x/runtime/debugger.ts": "ad1b12229b5d8749107e12a5b6c157b4d65e675e53c3182dc4c01cee75efe9b7",
    "https://cdn.unyt.org/datex-core-js-legacy@0.0.x/runtime/display.ts": "40d5a5c19e32db7d16e11fc19acf786e3855d4823c506e1ac8567b9852a81753",
    "https://cdn.unyt.org/datex-core-js-legacy@0.0.x/runtime/endpoint_config.ts": "81cda405e886ecce0e08660bc0dd83a4e3395bf1570caaf605db56f138d908a8",
    "https://cdn.unyt.org/datex-core-js-legacy@0.0.x/runtime/io_handler.ts": "fae478283b6475f69e4e9c5c995848c5c1baae2c4e2146d6e92bc0cbb294c856",
    "https://cdn.unyt.org/datex-core-js-legacy@0.0.x/runtime/js_interface.ts": "eeccc5b72e08716b1e9892c93802a35ba0b57d8b10c11f786c0f61733ef5be23",
    "https://cdn.unyt.org/datex-core-js-legacy@0.0.x/runtime/lazy-pointer.ts": "1472e91c04617afe1180e2d428fc81412768507b06e88e8837b68f9e30a74b87",
    "https://cdn.unyt.org/datex-core-js-legacy@0.0.x/runtime/performance_measure.ts": "ec6a72315c9e0924abbb9c9667edd1dfc28245d8b2b743332a8f0997f2fc6b4d",
    "https://cdn.unyt.org/datex-core-js-legacy@0.0.x/runtime/pointers.ts": "8317abd9a1e4fd66bea87e5f24530dc7d1cdff61d4f08622a09038f719040e4e",
    "https://cdn.unyt.org/datex-core-js-legacy@0.0.x/runtime/runtime.ts": "8319d920dbc13e98f85f2c5f87686f9fd6eb869b92159193d58e9b671ccabe64",
    "https://cdn.unyt.org/datex-core-js-legacy@0.0.x/runtime/storage-locations/deno-kv.ts": "718b9031b55333b21adccbe9ee301aafddc331a5f48b2466c90b701208b75e08",
    "https://cdn.unyt.org/datex-core-js-legacy@0.0.x/runtime/storage-locations/indexed-db.ts": "77b9023da18577a099b3e6c0dbe1adec51fa91a32dbec76dbeab4a78254d1df1",
    "https://cdn.unyt.org/datex-core-js-legacy@0.0.x/runtime/storage-locations/local-storage-compat.ts": "a435e9cf6573be000ae5b439b4647cd4df513a99affcdc99473ca5128d1a24fc",
    "https://cdn.unyt.org/datex-core-js-legacy@0.0.x/runtime/storage-locations/local-storage.ts": "bfc667c2a4272f680439bc6a946dc3aa1382c8f6c633f2b730c10a05bec5be8f",
    "https://cdn.unyt.org/datex-core-js-legacy@0.0.x/runtime/storage.ts": "1f2773705846c6d5037bb2d1de910b229071eaa9de72d19c40da61d4d407c98a",
    "https://cdn.unyt.org/datex-core-js-legacy@0.0.x/types/abstract_types.ts": "04ad3192b3b0973fdf28f730dd6f16feb63b6d9ea0963e280d035889d8abb0c8",
    "https://cdn.unyt.org/datex-core-js-legacy@0.0.x/types/addressing.ts": "740159c69cf4597c89bdb09f69455293f77dad0d1a72f95eabf65db1eea119d0",
    "https://cdn.unyt.org/datex-core-js-legacy@0.0.x/types/assertion.ts": "638eeadbb2189b3445bfb9eaeade19eb76e5fb2b8bc3eb8de9b8f025a75c2746",
    "https://cdn.unyt.org/datex-core-js-legacy@0.0.x/types/deferred.ts": "eb308e59468c7ca5bd3179e4aa86b5c73d7c4de60d1d656a6c244e3414e61e0d",
    "https://cdn.unyt.org/datex-core-js-legacy@0.0.x/types/error_codes.ts": "e4c8c23a07a5e71c70a6c2769de73f45547a4086152155b84ac080699bfb02ea",
    "https://cdn.unyt.org/datex-core-js-legacy@0.0.x/types/errors.ts": "4ce39c0543f5a43d8060a1c1090679e289349238d385e61bb06badbd1c43b547",
    "https://cdn.unyt.org/datex-core-js-legacy@0.0.x/types/function-utils.ts": "3d835355528cd1b255d58227b980a0df7055326bffa2d7d2b6d082b995be0b58",
    "https://cdn.unyt.org/datex-core-js-legacy@0.0.x/types/function.ts": "90f4527febfef4a9ccdda3977d101c4faf42f5949b38c6dd6ea056ecc6ce52ee",
    "https://cdn.unyt.org/datex-core-js-legacy@0.0.x/types/iterator.ts": "645a2ce155fa6dbbe3465a12e8c8871dffdc062f7261762ebf85896cfcdd3a73",
    "https://cdn.unyt.org/datex-core-js-legacy@0.0.x/types/js-function.ts": "4a9dfa987888786dc3e3e6a1225e054f908a8a15d0bda0770448b9fff2823b23",
    "https://cdn.unyt.org/datex-core-js-legacy@0.0.x/types/logic.ts": "45c9f157ac8e04cf7b5ce0ccff75d6d4f5548d8bb6ffa3737944af6f1aeaede5",
    "https://cdn.unyt.org/datex-core-js-legacy@0.0.x/types/markdown.ts": "7c762ad0c64eea3495f13371551424d971cc3d98eba09464f07f5ac3c1417fb6",
    "https://cdn.unyt.org/datex-core-js-legacy@0.0.x/types/native_types.ts": "00ff652a464ee156fbc7ff093e473c71cc1878feffac67661915d2f5070b438a",
    "https://cdn.unyt.org/datex-core-js-legacy@0.0.x/types/object.ts": "9711f523ae51ebf53f992837e921dbe7b572f4150a1379a6ac6d0b240ed978dd",
    "https://cdn.unyt.org/datex-core-js-legacy@0.0.x/types/quantity.ts": "f2ca8f563964d85a0cd7cd0b7fa060e974da10f697ea4273e6e4f7f3182d8043",
    "https://cdn.unyt.org/datex-core-js-legacy@0.0.x/types/scope.ts": "4bf20285be521b142c735cfedf779a68a4315940f4b4deeb4d1f2ca3d322d7eb",
    "https://cdn.unyt.org/datex-core-js-legacy@0.0.x/types/storage_map.ts": "073a899311d2e2515a975d8c2ed999f5f952ce4104d5ca547c03fdc5778adae9",
    "https://cdn.unyt.org/datex-core-js-legacy@0.0.x/types/storage_set.ts": "2b41e20cbcc39764e2126859fbe03cfd771683c690dc0774f1c6dce1d09fc0ae",
    "https://cdn.unyt.org/datex-core-js-legacy@0.0.x/types/stream.ts": "c3f324979ebc4bf29c9e071c75364bb109f30782d2267b2702b4e7b8a559fc9b",
    "https://cdn.unyt.org/datex-core-js-legacy@0.0.x/types/struct.ts": "1009e377570b57a8d0dc51ca98c562694c55d83b42636cb80ff96f30bfcf1649",
    "https://cdn.unyt.org/datex-core-js-legacy@0.0.x/types/task.ts": "b5073e9682ca9cb93b44646e0fbe7896f96cd369d151a94d2d11728e5d7e2da9",
    "https://cdn.unyt.org/datex-core-js-legacy@0.0.x/types/time.ts": "4ea90eafedad768e43dc6f8cdc20018fb2264fc19e6bf58bc1aecf35766d6e61",
    "https://cdn.unyt.org/datex-core-js-legacy@0.0.x/types/tuple.ts": "798c635102d46f4c29903f82fb50cd1f6c0449eb0090654ae08e59e9ae98a80e",
    "https://cdn.unyt.org/datex-core-js-legacy@0.0.x/types/type.ts": "5ca3dfdede057e99dabc298e5b0d2ad6fcac4a5d620831e273cd8fcd148ad322",
    "https://cdn.unyt.org/datex-core-js-legacy@0.0.x/utils/_command_line_options.ts": "b6ac395803c34fc69c59a853769d44770bda4da6bad6904ae65fbdca6ccbe308",
    "https://cdn.unyt.org/datex-core-js-legacy@0.0.x/utils/ansi_compat.ts": "d220d4387c98d6bb1fb2422b7e40f5bbdcfcf7f198f087460ab27712020baed8",
    "https://cdn.unyt.org/datex-core-js-legacy@0.0.x/utils/args.ts": "f752ba2a61bcd463f79c032d3245a7f286809063d4b8dbd98e1f95a34bb86345",
    "https://cdn.unyt.org/datex-core-js-legacy@0.0.x/utils/auto_map.ts": "44fca794249889ecb52ae183d5deed19b4bb66268ceafc4563a0de035524f1e8",
    "https://cdn.unyt.org/datex-core-js-legacy@0.0.x/utils/caller_metadata.ts": "57f79bff64cfb24749cdebec41230a416a32e8d0e80c319096e653778e7a5fde",
    "https://cdn.unyt.org/datex-core-js-legacy@0.0.x/utils/constants.ts": "a7992c1dbb4d28a22c52d02281564f0236508217cc1b7a035ff0e95988fa83cb",
    "https://cdn.unyt.org/datex-core-js-legacy@0.0.x/utils/cookies.ts": "329ba4b2f25b539e3c8ae7786f256ba9f51a9c7e15f277d38bd87a914c73c8a5",
    "https://cdn.unyt.org/datex-core-js-legacy@0.0.x/utils/debug-cookie.ts": "7c455a36c1b35f08685295e063f027239df819cf926c4c6b95d9ead88310c0b1",
    "https://cdn.unyt.org/datex-core-js-legacy@0.0.x/utils/eternals.ts": "843bb0e9d4de9b2ce61eaa28e96e9438191facafbc5b097dffded673ab195d4e",
    "https://cdn.unyt.org/datex-core-js-legacy@0.0.x/utils/global_types.ts": "d807fe45733bc1fb7392e493bc436ed8df048cba8393078b56d3f36d2eeea08d",
    "https://cdn.unyt.org/datex-core-js-legacy@0.0.x/utils/global_values.ts": "993b8381932936a9c90fb2ab3705e0ed2a929dc5db0f3d85988c296c69998f3c",
    "https://cdn.unyt.org/datex-core-js-legacy@0.0.x/utils/iterable-handler.ts": "569ef4c184204a7eaef3ee6b08157eb948014f2506dc0e0dcbe475d965260770",
    "https://cdn.unyt.org/datex-core-js-legacy@0.0.x/utils/iterable-weak-map.ts": "0d01d06d3d6a5205cea478c468b0fce205aadf91b28f0194424f4a1e314552ff",
    "https://cdn.unyt.org/datex-core-js-legacy@0.0.x/utils/iterable-weak-set.ts": "f5e27d4031e5836e0ce46371cb48b138d8c83ca0e1cebb5f8ec1f67f8648e7b0",
    "https://cdn.unyt.org/datex-core-js-legacy@0.0.x/utils/local_files.ts": "f81613b5aecc4d4b1fbf6884d3acb7785cb656d72fe9e6cf81dbe3f0c8264993",
    "https://cdn.unyt.org/datex-core-js-legacy@0.0.x/utils/logger.ts": "7101113def8894f47f92880f3eb74620d30d90aa493779e12167f4357eeabe1c",
    "https://cdn.unyt.org/datex-core-js-legacy@0.0.x/utils/message_logger.ts": "bc6b683739a7c0c7d2be948a644dfba69296410bdf7229afc71b652c10877696",
    "https://cdn.unyt.org/datex-core-js-legacy@0.0.x/utils/normalize-path.ts": "1f3fea7a349600fec02ea434fd18ef34476e59f977c09a00146702e71e92d342",
    "https://cdn.unyt.org/datex-core-js-legacy@0.0.x/utils/observers.ts": "df82f2dfbc0189d7f3f6d1f21461ac4a329a6dbbd7ec1bd72d3cd2f5afada9a6",
    "https://cdn.unyt.org/datex-core-js-legacy@0.0.x/utils/persistent-listeners.ts": "8ab5b2750c8104caae00e275a33655868afbc76eee3807523d09f93315509898",
    "https://cdn.unyt.org/datex-core-js-legacy@0.0.x/utils/polyfills.ts": "1f47a967c5813e8a465ca985af8a5867884f8aadd8d763d361b548121fbc6ccf",
    "https://cdn.unyt.org/datex-core-js-legacy@0.0.x/utils/promises.ts": "b43d38724a2fd42d1d0a3cc479bc21f7a75ccee872f680c46f50e99839e17803",
    "https://cdn.unyt.org/datex-core-js-legacy@0.0.x/utils/sha256.ts": "52bfee6d3276da5fad865886a323198827c2c86e6491711f4875c5fa50be2248",
    "https://cdn.unyt.org/datex-core-js-legacy@0.0.x/utils/utils.ts": "86fe78e869c00d17f88a38dbe1f22a7d0197ac981c77dd635d3950dfc5a41337",
    "https://cdn.unyt.org/datex-core-js-legacy@0.0.x/wasm/adapter/pkg/datex_wasm.js": "e9416983fb275de1cd28849c3cb85ba3d3be05032e9246c73fe217e7a2d422c5",
    "https://cdn.unyt.org/datex-inspector/inspector.ts": "e107c8880b612dcd2e8ba13094f4476f1f9025db4a04b644791354944b341705",
    "https://cdn.unyt.org/datex-inspector/language-server.ts": "763d8e26f807245e93c27c10582f2d06a844d24bab142f2a970b6c4f3c272a4e",
    "https://cdn.unyt.org/datex-inspector/parser.ts": "38913de796078074e5f16cdf6f79f8f59f593a66f7269d0f5c4438d3675b307d",
    "https://cdn.unyt.org/datex-inspector/stream-utils/ReadableStreamMessageReader.ts": "755d1a7f90baca6c6dca5198280bab0b8df88bf4398259b565b076366bdcb59d",
    "https://cdn.unyt.org/datex-inspector/stream-utils/WritableStreamMessageWriter.ts": "9959b113152435e02088d4897ca5568613c3afd8fe0ab4cb84439ae8a2f35c39",
    "https://cdn.unyt.org/datex-inspector/stream-utils/types.ts": "cd68871fd8795a2851891b0cdce60a05a532d121f3efaa451d65a53360054210",
    "https://deno.land/std@0.104.0/_util/assert.ts": "2f868145a042a11d5ad0a3c748dcf580add8a0dbc0e876eaa0026303a5488f58",
    "https://deno.land/std@0.104.0/async/deadline.ts": "1d6ac7aeaee22f75eb86e4e105d6161118aad7b41ae2dd14f4cfd3bf97472b93",
    "https://deno.land/std@0.104.0/async/debounce.ts": "b2f693e4baa16b62793fd618de6c003b63228db50ecfe3bd51fc5f6dc0bc264b",
    "https://deno.land/std@0.104.0/async/deferred.ts": "ce81070ad3ba3294f3f34c032af884ccde1a20922b648f6eaee54bd8fd951a1e",
    "https://deno.land/std@0.104.0/async/delay.ts": "9de1d8d07d1927767ab7f82434b883f3d8294fb19cad819691a2ad81a728cf3d",
    "https://deno.land/std@0.104.0/async/mod.ts": "78425176fabea7bd1046ce3819fd69ce40da85c83e0f174d17e8e224a91f7d10",
    "https://deno.land/std@0.104.0/async/mux_async_iterator.ts": "62abff3af9ff619e8f2adc96fc70d4ca020fa48a50c23c13f12d02ed2b760dbe",
    "https://deno.land/std@0.104.0/async/pool.ts": "353ce4f91865da203a097aa6f33de8966340c91b6f4a055611c8c5d534afd12f",
    "https://deno.land/std@0.104.0/async/tee.ts": "6b8f1322b6dd2396202cfbe9cde9cab158d1e962cfd9197b0a97c6657bee79ce",
    "https://deno.land/std@0.104.0/bytes/bytes_list.ts": "a13287edb03f19d27ba4927dec6d6de3e5bd46254cd4aee6f7e5815810122673",
    "https://deno.land/std@0.104.0/bytes/mod.ts": "1ae1ccfe98c4b979f12b015982c7444f81fcb921bea7aa215bf37d84f46e1e13",
    "https://deno.land/std@0.104.0/encoding/base64.ts": "eecae390f1f1d1cae6f6c6d732ede5276bf4b9cd29b1d281678c054dc5cc009e",
    "https://deno.land/std@0.104.0/encoding/hex.ts": "5bc7df19af498c315cdaba69e2fce1b2aef5fc57344e8c21c08991aa8505a260",
    "https://deno.land/std@0.104.0/fmt/colors.ts": "d2f8355f00a74404668fc5a1e4a92983ce1a9b0a6ac1d40efbd681cb8f519586",
    "https://deno.land/std@0.104.0/fs/exists.ts": "b0d2e31654819cc2a8d37df45d6b14686c0cc1d802e9ff09e902a63e98b85a00",
    "https://deno.land/std@0.104.0/hash/_wasm/hash.ts": "313a4820227f1c45fa7204d9c28731b4f8ce97cdcc5f1e7e4efcdf2d70540d32",
    "https://deno.land/std@0.104.0/hash/_wasm/wasm.js": "792f612fbb9998e267f9ae3f82ed72444305cb9c77b5bbf7ff6517fd3b606ed1",
    "https://deno.land/std@0.104.0/hash/hasher.ts": "57a9ec05dd48a9eceed319ac53463d9873490feea3832d58679df6eec51c176b",
    "https://deno.land/std@0.104.0/hash/mod.ts": "dd339a26b094032f38d71311b85745e8d19f2085364794c1877057e057902dd9",
    "https://deno.land/std@0.104.0/io/buffer.ts": "3ead6bb11276ebcf093c403f74f67fd2205a515dbbb9061862c468ca56f37cd8",
    "https://deno.land/std@0.104.0/io/bufio.ts": "6024117aa37f8d21a116654bd5ca5191d803f6492bbc744e3cee5054d0e900d1",
    "https://deno.land/std@0.104.0/io/util.ts": "85c33d61b20fd706acc094fe80d4c8ae618b04abcf3a96ca2b47071842c1c8ac",
    "https://deno.land/std@0.104.0/log/handlers.ts": "8c7221a2408b4097e186b018f3f1a18865d20b98761aa1dccaf1ee3d57298355",
    "https://deno.land/std@0.104.0/log/levels.ts": "088a883039ece5fa0da5f74bc7688654045ea7cb01bf200b438191a28d728eae",
    "https://deno.land/std@0.104.0/log/logger.ts": "6b2dd8cbe6f407100b9becfe61595d7681f8ce3692412fad843de84d617a038e",
    "https://deno.land/std@0.104.0/log/mod.ts": "91711789b28803082b1bdfb123d2c9685a7e01767f2e79c0a82706063ad964d8",
    "https://deno.land/std@0.104.0/testing/_diff.ts": "5d3693155f561d1a5443ac751ac70aab9f5d67b4819a621d4b96b8a1a1c89620",
    "https://deno.land/std@0.104.0/testing/asserts.ts": "e4311d45d956459d4423bc267208fe154b5294989da2ed93257b6a85cae0427e",
    "https://deno.land/std@0.168.0/_util/asserts.ts": "d0844e9b62510f89ce1f9878b046f6a57bf88f208a10304aab50efcb48365272",
    "https://deno.land/std@0.168.0/flags/mod.ts": "4f50ec6383c02684db35de38b3ffb2cd5b9fcfcc0b1147055d1980c49e82521c",
    "https://deno.land/std@0.172.0/_util/asserts.ts": "178dfc49a464aee693a7e285567b3d0b555dc805ff490505a8aae34f9cfb1462",
    "https://deno.land/std@0.172.0/_util/os.ts": "d932f56d41e4f6a6093d56044e29ce637f8dcc43c5a90af43504a889cf1775e3",
    "https://deno.land/std@0.172.0/path/_constants.ts": "e49961f6f4f48039c0dfed3c3f93e963ca3d92791c9d478ac5b43183413136e0",
    "https://deno.land/std@0.172.0/path/_interface.ts": "6471159dfbbc357e03882c2266d21ef9afdb1e4aa771b0545e90db58a0ba314b",
    "https://deno.land/std@0.172.0/path/_util.ts": "86c2375a996c1931b2f2ac71fefd5ddf0cf0e579fa4ab12d3e4c552d4223b8d8",
    "https://deno.land/std@0.172.0/path/common.ts": "ee7505ab01fd22de3963b64e46cff31f40de34f9f8de1fff6a1bd2fe79380000",
    "https://deno.land/std@0.172.0/path/glob.ts": "d479e0a695621c94d3fd7fe7abd4f9499caf32a8de13f25073451c6ef420a4e1",
    "https://deno.land/std@0.172.0/path/mod.ts": "4b83694ac500d7d31b0cdafc927080a53dc0c3027eb2895790fb155082b0d232",
    "https://deno.land/std@0.172.0/path/posix.ts": "0874b341c2c6968ca38d323338b8b295ea1dae10fa872a768d812e2e7d634789",
    "https://deno.land/std@0.172.0/path/separator.ts": "0fb679739d0d1d7bf45b68dacfb4ec7563597a902edbaf3c59b50d5bcadd93b1",
    "https://deno.land/std@0.172.0/path/win32.ts": "672942919dd66ce1b8c224e77d3447e2ad8254eaff13fe6946420a9f78fa141e",
    "https://deno.land/std@0.208.0/assert/assert.ts": "9a97dad6d98c238938e7540736b826440ad8c1c1e54430ca4c4e623e585607ee",
    "https://deno.land/std@0.208.0/assert/assertion_error.ts": "4d0bde9b374dfbcbe8ac23f54f567b77024fb67dbb1906a852d67fe050d42f56",
    "https://deno.land/std@0.208.0/async/_util.ts": "7fef43ce1949b36ebd092a735c4659f3e63411eb4a3ed0c381bdc6e8f261d835",
    "https://deno.land/std@0.208.0/async/abortable.ts": "3c812da4ab0c4fff824485899ee4daf1f81d7165d0d12b739c6ba47865df5fba",
    "https://deno.land/std@0.208.0/async/deadline.ts": "58f72a3cc0fcb731b2cc055ba046f4b5be3349ff6bf98f2e793c3b969354aab2",
    "https://deno.land/std@0.208.0/async/debounce.ts": "adab11d04ca38d699444ac8a9d9856b4155e8dda2afd07ce78276c01ea5a4332",
    "https://deno.land/std@0.208.0/async/deferred.ts": "a9d1e54c29a9ce8d949cc82e1e6cd901fa3f4d80ca8a2c5c6d2981d77ae798ca",
    "https://deno.land/std@0.208.0/async/delay.ts": "a6142eb44cdd856b645086af2b811b1fcce08ec06bb7d50969e6a872ee9b8659",
    "https://deno.land/std@0.208.0/async/mod.ts": "f04344fa21738e5ad6bea37a6bfffd57c617c2d372bb9f9dcfd118a1b622e576",
    "https://deno.land/std@0.208.0/async/mux_async_iterator.ts": "63b4fbbc2fa3832408e9b2f815b38a10a839821a7ffa131f348d6d2e479c4e5c",
    "https://deno.land/std@0.208.0/async/pool.ts": "47c1841cfa9c036144943d11747ddd44064f5baf8cb7ece25473ba873c6aceb0",
    "https://deno.land/std@0.208.0/async/retry.ts": "b80e37cf1701fe1edf1bec25440e0a870a320193c5dd1990ae0cadd0fc3ab886",
    "https://deno.land/std@0.208.0/async/tee.ts": "47e42d35f622650b02234d43803d0383a89eb4387e1b83b5a40106d18ae36757",
    "https://deno.land/std@0.51.0/fmt/colors.ts": "127ce39ca2ad9714d4ada8d61367f540d76b5b0462263aa839166876b522d3de",
    "https://deno.land/std@0.51.0/testing/asserts.ts": "213fedbb90a60ae232932c45bd62668f0c5cd17fc0f2a273e96506cba416d181",
    "https://deno.land/std@0.51.0/testing/diff.ts": "8f591074fad5d35c0cafa63b1c5334dc3a17d5b934f3b9e07172eed9d5b55553",
    "https://deno.land/std@0.77.0/fmt/colors.ts": "c5665c66f1a67228f21c5989bbb04b36d369b98dd7ceac06f5e26856c81c2531",
    "https://deno.land/x/bytes_formater@v1.4.0/deps.ts": "4f98f74e21145423b873a5ca6ead66dc3e674fa81e230a0a395f9b86aafeceea",
    "https://deno.land/x/bytes_formater@v1.4.0/format.ts": "657c41b9f180c3ed0f934dcf75f77b09b6a610be98bb07525bffe2acfd5af4d5",
    "https://deno.land/x/bytes_formater@v1.4.0/mod.ts": "c6bf35303f53d74e9134eb13f666fb388fb4c62c6b12b17542bbadade250a864",
    "https://deno.land/x/caller_metadata@v0.0.3/src/main.ts": "2258e7eb41a54ac9a99058f40a487c6313232feafcb5f02f22d51fe6b526dd73",
    "https://deno.land/x/input@2.0.3/history.ts": "3cad3fee1e2f86d4202ca6ab49f1a5609aff2323ff762cc637e1da3edbef9608",
    "https://deno.land/x/input@2.0.3/index.ts": "f9539661733886f9497873a640a79be4f996ea2d40408b68e74691353f5a5539",
    "https://deno.land/x/input@2.0.3/printer.ts": "60339de0f3d98ca9ad2cb4e3b047d0b680e27ed7ceb987d82d96fc00f7ab04d1",
    "https://deno.land/x/input@2.0.3/types.ts": "915079a7187073c9c9c99863ab4e4a4c7341e25bf5d4a2e02c33f8b896dd0c69",
    "https://deno.land/x/mimetypes@v1.0.0/mod.ts": "abd1ea614b32cfa7fd50b46f6e070617696664698b8a34935dc807f3035ad408",
    "https://deno.land/x/mimetypes@v1.0.0/src/mime.ts": "7cd7590eae6127dc1abfe710900fc749e94d5c715ffe8a148e59fe20ee21a9a5",
    "https://deno.land/x/mysql@v2.12.1/deps.ts": "68635959a41bb08bc87db007679fb8449febc55d48202dff20b93cc23ef5820d",
    "https://deno.land/x/mysql@v2.12.1/mod.ts": "3246c9c259434563be69cc95d5b792f8aac7ef5d10b8a6c6589aa54ebf1bd266",
    "https://deno.land/x/mysql@v2.12.1/src/auth.ts": "129ea08b180d3e90e567c3f71e60432bb266304c224e17ea39d604bbcc1160d8",
    "https://deno.land/x/mysql@v2.12.1/src/auth_plugin/caching_sha2_password.ts": "aab89e272382e6f408406f860ae6e79628275f4511e27a565049033543c4bdec",
    "https://deno.land/x/mysql@v2.12.1/src/auth_plugin/crypt.ts": "8798819cce1171d95cfee8edda15fe6a652068cad4dc91f81b6e91cf90a13617",
    "https://deno.land/x/mysql@v2.12.1/src/auth_plugin/index.ts": "8617e520ad854e38470aeefd07becdb3397c4cde16c2397dd48d5c10fdd5ab09",
    "https://deno.land/x/mysql@v2.12.1/src/buffer.ts": "59f7e08e196f1b7e58cf5c3cf8ae8f4d0d47d1ae31430076fc468d974d3b59e7",
    "https://deno.land/x/mysql@v2.12.1/src/client.ts": "30912964986667a2ce108c14f7153dd38e8089e55f8068e8d07697f75f2ac22f",
    "https://deno.land/x/mysql@v2.12.1/src/connection.ts": "1d104c05441f8c94ee73123497fbbae28499f3badb0d9fef8cc82540688ada6e",
    "https://deno.land/x/mysql@v2.12.1/src/constant/capabilities.ts": "2324c0e46ac43f59b7b03bdd878d7a14ecc5202b9e133c7e8769345a8290f2a1",
    "https://deno.land/x/mysql@v2.12.1/src/constant/charset.ts": "253d7233679c774df623d1f974ebb358f3678c18fd6a623e25983311d97d959b",
    "https://deno.land/x/mysql@v2.12.1/src/constant/errors.ts": "923bab27d524e43199fa21fdfcbe025580ca76d8b32254ad9505765c502f238a",
    "https://deno.land/x/mysql@v2.12.1/src/constant/mysql_types.ts": "79c50de8eb5919b897e81e2ff2366ee1ffdbb4297f711e15003bdb787bbc8e6c",
    "https://deno.land/x/mysql@v2.12.1/src/constant/packet.ts": "a1e7e00ce30c551c5f95c05d233b8d83f8e1fc865de97be3b317058e173630a9",
    "https://deno.land/x/mysql@v2.12.1/src/deferred.ts": "35d087619d919961e849e382c33b2bfea15b4119f55eca2d9c9047f30512a2cb",
    "https://deno.land/x/mysql@v2.12.1/src/logger.ts": "eb5feb3efdb9fd4887f6eccd5c06b5702591ac032af9857a12bbae86ceefe21b",
    "https://deno.land/x/mysql@v2.12.1/src/packets/builders/auth.ts": "0b53dd5fa0269427aa54c3f6909bd830ffb426009061df89df262c504d6c9b70",
    "https://deno.land/x/mysql@v2.12.1/src/packets/builders/client_capabilities.ts": "1000f2c1a20e0e119b9a416eb4ea4553cc1c5655d289a66e9077bf7a5993d52d",
    "https://deno.land/x/mysql@v2.12.1/src/packets/builders/query.ts": "caf426a72ebe545ff5bab14c8b7b5e412dd8827c091322959cdf4e9aa89ef900",
    "https://deno.land/x/mysql@v2.12.1/src/packets/builders/tls.ts": "2abb4a2fa74c47914372b221cb6f178f6015df54421daf0e10e54d80d7156498",
    "https://deno.land/x/mysql@v2.12.1/src/packets/packet.ts": "d7800cc142226f7dfd3c5f647f03cd3ef308f9d8551b4edb2e1bfb9c758d33b6",
    "https://deno.land/x/mysql@v2.12.1/src/packets/parsers/authswitch.ts": "aa34f21336c4907b3ae968108fcdad8f1c43a303088efd83d972e6c7b258c166",
    "https://deno.land/x/mysql@v2.12.1/src/packets/parsers/err.ts": "4110c4ddc2ae8358d6661fa2522f8eda2e603900d1e433e3684765ed50e88ed8",
    "https://deno.land/x/mysql@v2.12.1/src/packets/parsers/handshake.ts": "88f7ee34e9e0ef089bc5fdefacaccf256ef002b2f7a8ad684e35327682039e73",
    "https://deno.land/x/mysql@v2.12.1/src/packets/parsers/result.ts": "8ab16f1adae67415eefcc17803b0eb828c1f4c6a24c55f25949f418e862d3ec8",
    "https://deno.land/x/mysql@v2.12.1/src/pool.ts": "978ba2813b3886d68be007678360ad43c54dab14b1aea1c07fcdb41222fcc432",
    "https://deno.land/x/mysql@v2.12.1/src/util.ts": "83d38e87cc3901da00ac44bfcd53c0e8d24525262f5c7647c912dccf3ed2dbb5",
    "https://deno.land/x/reflect_metadata@v0.1.12/Reflect.ts": "eced7b7e642853c6fb9a209f96ddd1932ab1e0fc3c514705c87d56169c8fe260",
    "https://deno.land/x/reflect_metadata@v0.1.12/mod.ts": "8b5e3b20f1e604c118df433e84a409b1d5116e885001047134cc42ecf84fa2cd",
    "https://deno.land/x/sql_builder@v1.9.1/util.ts": "b9855dc435972704cf82655019f4ec168ac83550ab4db596c5f6b6d201466384",
    "https://deno.land/x/sql_builder@v1.9.2/deps.ts": "58a674cf97708472838e4bd59a58333386052da16d66a6c25f3b574bcf21a8b0",
    "https://deno.land/x/sql_builder@v1.9.2/join.ts": "fd7813c57a5c71f90026d5e83f8ec04b320c4097c39bcc3005c22296224cf7d8",
    "https://deno.land/x/sql_builder@v1.9.2/mod.ts": "e08fa419c1535502b716cfb6379ec0a7c9902f21ada662d7c3d6fecfecfa7a73",
    "https://deno.land/x/sql_builder@v1.9.2/order.ts": "b884c8bb1569ab407205291358248e393c4c39323ecaf699884708c889d25d01",
    "https://deno.land/x/sql_builder@v1.9.2/query.ts": "a171b1d6b77bcd2893b6ec9a6af87684b172ef21529be5dce5c7f17760442668",
    "https://deno.land/x/sql_builder@v1.9.2/util.ts": "b0c9fb126f7ee0e9e33eae69adbba7744329bdbfd5608080024239eb1169ae8f",
    "https://deno.land/x/sql_builder@v1.9.2/where.ts": "2de7a961520070f2e909ca3901cfc432d7c553b43b790f08fc1aaebb4b206827",
    "https://deno.land/x/sqlite3@0.12.0/deno.json": "b03d6de05f953886662ea987212539af8456a91352684c84af2188520449d42a",
    "https://deno.land/x/sqlite3@0.12.0/deps.ts": "d2f23a4489d27ed7ba1f601b86a85ff488a87603e4be7a15f3ea15154fc288ec",
    "https://deno.land/x/sqlite3@0.12.0/mod.ts": "3169f246c0eddd6ed82862758f4109f167b7ba5538236240fbb26a129f1bc16c",
    "https://deno.land/x/sqlite3@0.12.0/src/blob.ts": "330886fae9714e4a612786f44d8117d65f91e778cf3f40de59b34879fc7ca9ab",
    "https://deno.land/x/sqlite3@0.12.0/src/constants.ts": "85fd27aa6e199093f25f5f437052e16fd0e0870b96ca9b24a98e04ddc8b7d006",
    "https://deno.land/x/sqlite3@0.12.0/src/database.ts": "4d380d7f0e5a2cf74635a9fcd2b4e27373533f2816cde5357067e51fd22ad8d0",
    "https://deno.land/x/sqlite3@0.12.0/src/ffi.ts": "795b598eeae4d12f182e7bcdab524b74b0f01d6deae7f4d8ce63f25c06a46154",
    "https://deno.land/x/sqlite3@0.12.0/src/statement.ts": "e8ccde898aef47c7a2514953aca5359a44a285bc3dc0de5819d66f891f477be1",
    "https://deno.land/x/sqlite3@0.12.0/src/util.ts": "c6604183d2ec5fb17fa0a018572ed5f2317b319dbd7bf48d88a5d06ff25b2cc3",
    "https://deno.land/x/sqlite@v3.9.0/build/sqlite.js": "2afc7875c7b9c85d89730c4a311ab3a304e5d1bf761fbadd8c07bbdf130f5f9b",
    "https://deno.land/x/sqlite@v3.9.0/build/vfs.js": "7f7778a9fe499cd10738d6e43867340b50b67d3e39142b0065acd51a84cd2e03",
    "https://deno.land/x/sqlite@v3.9.0/mod.ts": "e09fc79d8065fe222578114b109b1fd60077bff1bb75448532077f784f4d6a83",
    "https://deno.land/x/sqlite@v3.9.0/src/constants.ts": "90f3be047ec0a89bcb5d6fc30db121685fc82cb00b1c476124ff47a4b0472aa9",
    "https://deno.land/x/sqlite@v3.9.0/src/db.ts": "03d0c860957496eadedd86e51a6e650670764630e64f56df0092e86c90752401",
    "https://deno.land/x/sqlite@v3.9.0/src/error.ts": "f7a15cb00d7c3797da1aefee3cf86d23e0ae92e73f0ba3165496c3816ab9503a",
    "https://deno.land/x/sqlite@v3.9.0/src/function.ts": "e4c83b8ec64bf88bafad2407376b0c6a3b54e777593c70336fb40d43a79865f2",
    "https://deno.land/x/sqlite@v3.9.0/src/query.ts": "d58abda928f6582d77bad685ecf551b1be8a15e8e38403e293ec38522e030cad",
    "https://deno.land/x/sqlite@v3.9.0/src/wasm.ts": "e79d0baa6e42423257fb3c7cc98091c54399254867e0f34a09b5bdef37bd9487",
    "https://monaco.cdn.unyt.org/node_modules/.vite/deps/chunk-4K6EGQ2J.js?v=57154b08": "e68c0253b128031115b82d50421de32b206f627667b7754f5d1cbd052e2b99e4",
    "https://monaco.cdn.unyt.org/node_modules/.vite/deps/chunk-4VKIUUNW.js?v=57154b08": "af8dd82f905b6573d93b7f718ddb018498ccb51fd0b7d644cc9434c933af7713",
    "https://monaco.cdn.unyt.org/node_modules/.vite/deps/chunk-5NMTULOL.js?v=57154b08": "7f80da78912b4163eac32cb60048a1c367ed4172f4d6de440a1e7f73426fe356",
    "https://monaco.cdn.unyt.org/node_modules/.vite/deps/chunk-6EQFZYPC.js?v=57154b08": "3ae0d4c29ffb411434a65a99deeb15cc161222e4e619cd27f6d00e8de6fcab92",
    "https://monaco.cdn.unyt.org/node_modules/.vite/deps/chunk-6V7HR2AM.js?v=57154b08": "887e72c58dfbe03ec132f9546434e3fbd05bd7c07598447a3a291c399a59e893",
    "https://monaco.cdn.unyt.org/node_modules/.vite/deps/chunk-CPSUKGWM.js?v=57154b08": "0e424a81778f49d4859f48b55609c3c4e4c56e9d3cd325c020354517b4c251b3",
    "https://monaco.cdn.unyt.org/node_modules/.vite/deps/chunk-NP2YGV3R.js?v=57154b08": "24483af6eb3edb9c14185aeb174734ddf67d9612f7d2618b1c42421d98f8022b",
    "https://monaco.cdn.unyt.org/node_modules/.vite/deps/chunk-QVDEPGTP.js?v=57154b08": "57acde6fa2bfd9ccd1721ebc09da006a033fe7bb3c82667cf76f1368a331fb56",
    "https://monaco.cdn.unyt.org/node_modules/.vite/deps/chunk-R5V52DI6.js?v=57154b08": "3258bb0e1886d07c1837ecd18d3dd15e7a0eec88acdf6452cc12ed6bd023e018",
    "https://monaco.cdn.unyt.org/node_modules/.vite/deps/chunk-UZEIOMTP.js?v=57154b08": "57c25e48f9640b765e5199212ada8ae76052316ac69f53d5cc6dd3c9a230addf",
    "https://monaco.cdn.unyt.org/node_modules/.vite/deps/chunk-ZZD2MASZ.js?v=57154b08": "802165b23e5f86da007b572ef2d2254992cedbf31d08d641ef5c85642a3d3fd7",
    "https://monaco.cdn.unyt.org/node_modules/.vite/deps/vscode-json-languageservice.js?v=57154b08": "f85208081e53a9df6b42f9425f2c9c206dc5c11074c9bced1a4b5b0403a38576",
    "https://monaco.cdn.unyt.org/node_modules/.vite/deps/vscode-languageserver-protocol.js?v=57154b08": "f9d1b57cddf2131e9c1460cf8502c6e5d84d8d9d4a69030485a169f09864c82d",
    "https://monaco.cdn.unyt.org/node_modules/.vite/deps/vscode-languageserver-textdocument.js?v=57154b08": "79a15664146a2998810a87a373cff8c324890d52af814c065532572a51f6adf9",
    "https://monaco.cdn.unyt.org/node_modules/.vite/deps/vscode-languageserver-types.js?v=57154b08": "a1fa910cffb76e43bc187d978bc54f776a680539381ca8b7920144a56dffc894",
    "https://monaco.cdn.unyt.org/node_modules/.vite/deps/vscode-languageserver_lib_node_main__js.js?v=57154b08": "1a3a9867f3878dacbac37fe9a86ee871a2ae8a09648404a764cab93a73a24174",
    "https://monaco.cdn.unyt.org/node_modules/.vite/deps/vscode-uri.js?v=57154b08": "39643303aa7f90caceddc702d7207bbf7b67bc6bd429f9bc4568251b67c0c6a2",
    "https://monaco.cdn.unyt.org/packages/examples/src/bare/server.ts": "4c62e0bf51d8f7ddcbc3ca6a2b2c069ebfb77221ac4dbdedc3241144d630061b"
  }
}
